// !$*UTF8*$!
{
	archiveVersion = 1;
	classes = {
	};
	objectVersion = 50;
	objects = {

/* Begin PBXBuildFile section */
		801BED1422177F7600E3F610 /* AppDelegate.swift in Sources */ = {isa = PBXBuildFile; fileRef = 801BED1322177F7600E3F610 /* AppDelegate.swift */; };
		801BED1622177F7600E3F610 /* ViewController.swift in Sources */ = {isa = PBXBuildFile; fileRef = 801BED1522177F7600E3F610 /* ViewController.swift */; };
		801BED1922177F7600E3F610 /* Main.storyboard in Resources */ = {isa = PBXBuildFile; fileRef = 801BED1722177F7600E3F610 /* Main.storyboard */; };
		801BED1B22177F7700E3F610 /* Assets.xcassets in Resources */ = {isa = PBXBuildFile; fileRef = 801BED1A22177F7700E3F610 /* Assets.xcassets */; };
		801BED1E22177F7700E3F610 /* LaunchScreen.storyboard in Resources */ = {isa = PBXBuildFile; fileRef = 801BED1C22177F7700E3F610 /* LaunchScreen.storyboard */; };
		80632AB4222612D5002BC39A /* Settings.bundle in Resources */ = {isa = PBXBuildFile; fileRef = 80632AB3222612D5002BC39A /* Settings.bundle */; };
		80632AB8222618F7002BC39A /* Settings.swift in Sources */ = {isa = PBXBuildFile; fileRef = 80632AB7222618F7002BC39A /* Settings.swift */; };
		80632ABA22262658002BC39A /* SettingsViewController.swift in Sources */ = {isa = PBXBuildFile; fileRef = 80632AB922262658002BC39A /* SettingsViewController.swift */; };
		80632ABC222629CC002BC39A /* BaseViewController.swift in Sources */ = {isa = PBXBuildFile; fileRef = 80632ABB222629CC002BC39A /* BaseViewController.swift */; };
		80632ABE2226324F002BC39A /* Theme.swift in Sources */ = {isa = PBXBuildFile; fileRef = 80632ABD2226324F002BC39A /* Theme.swift */; };
/* End PBXBuildFile section */

/* Begin PBXFileReference section */
		801BED1022177F7600E3F610 /* Darkscreen.app */ = {isa = PBXFileReference; explicitFileType = wrapper.application; includeInIndex = 0; path = Darkscreen.app; sourceTree = BUILT_PRODUCTS_DIR; };
		801BED1322177F7600E3F610 /* AppDelegate.swift */ = {isa = PBXFileReference; lastKnownFileType = sourcecode.swift; path = AppDelegate.swift; sourceTree = "<group>"; };
		801BED1522177F7600E3F610 /* ViewController.swift */ = {isa = PBXFileReference; lastKnownFileType = sourcecode.swift; path = ViewController.swift; sourceTree = "<group>"; };
		801BED1822177F7600E3F610 /* Base */ = {isa = PBXFileReference; lastKnownFileType = file.storyboard; name = Base; path = Base.lproj/Main.storyboard; sourceTree = "<group>"; };
		801BED1A22177F7700E3F610 /* Assets.xcassets */ = {isa = PBXFileReference; lastKnownFileType = folder.assetcatalog; path = Assets.xcassets; sourceTree = "<group>"; };
		801BED1D22177F7700E3F610 /* Base */ = {isa = PBXFileReference; lastKnownFileType = file.storyboard; name = Base; path = Base.lproj/LaunchScreen.storyboard; sourceTree = "<group>"; };
		801BED1F22177F7700E3F610 /* Info.plist */ = {isa = PBXFileReference; lastKnownFileType = text.plist.xml; path = Info.plist; sourceTree = "<group>"; };
		80632AB3222612D5002BC39A /* Settings.bundle */ = {isa = PBXFileReference; lastKnownFileType = "wrapper.plug-in"; path = Settings.bundle; sourceTree = "<group>"; };
		80632AB7222618F7002BC39A /* Settings.swift */ = {isa = PBXFileReference; lastKnownFileType = sourcecode.swift; path = Settings.swift; sourceTree = "<group>"; };
		80632AB922262658002BC39A /* SettingsViewController.swift */ = {isa = PBXFileReference; lastKnownFileType = sourcecode.swift; path = SettingsViewController.swift; sourceTree = "<group>"; };
		80632ABB222629CC002BC39A /* BaseViewController.swift */ = {isa = PBXFileReference; lastKnownFileType = sourcecode.swift; path = BaseViewController.swift; sourceTree = "<group>"; };
		80632ABD2226324F002BC39A /* Theme.swift */ = {isa = PBXFileReference; lastKnownFileType = sourcecode.swift; path = Theme.swift; sourceTree = "<group>"; };
/* End PBXFileReference section */

/* Begin PBXFrameworksBuildPhase section */
		801BED0D22177F7600E3F610 /* Frameworks */ = {
			isa = PBXFrameworksBuildPhase;
			buildActionMask = 2147483647;
			files = (
			);
			runOnlyForDeploymentPostprocessing = 0;
		};
/* End PBXFrameworksBuildPhase section */

/* Begin PBXGroup section */
		801BED0722177F7600E3F610 = {
			isa = PBXGroup;
			children = (
				801BED1222177F7600E3F610 /* Darkscreen */,
				801BED1122177F7600E3F610 /* Products */,
			);
			sourceTree = "<group>";
		};
		801BED1122177F7600E3F610 /* Products */ = {
			isa = PBXGroup;
			children = (
				801BED1022177F7600E3F610 /* Darkscreen.app */,
			);
			name = Products;
			sourceTree = "<group>";
		};
		801BED1222177F7600E3F610 /* Darkscreen */ = {
			isa = PBXGroup;
			children = (
				801BED1322177F7600E3F610 /* AppDelegate.swift */,
				801BED1522177F7600E3F610 /* ViewController.swift */,
				80632AB3222612D5002BC39A /* Settings.bundle */,
				801BED1722177F7600E3F610 /* Main.storyboard */,
				801BED1A22177F7700E3F610 /* Assets.xcassets */,
				801BED1C22177F7700E3F610 /* LaunchScreen.storyboard */,
				801BED1F22177F7700E3F610 /* Info.plist */,
				80632AB7222618F7002BC39A /* Settings.swift */,
				80632AB922262658002BC39A /* SettingsViewController.swift */,
				80632ABB222629CC002BC39A /* BaseViewController.swift */,
				80632ABD2226324F002BC39A /* Theme.swift */,
			);
			path = Darkscreen;
			sourceTree = "<group>";
		};
/* End PBXGroup section */

/* Begin PBXNativeTarget section */
		801BED0F22177F7600E3F610 /* Darkscreen */ = {
			isa = PBXNativeTarget;
			buildConfigurationList = 801BED2222177F7700E3F610 /* Build configuration list for PBXNativeTarget "Darkscreen" */;
			buildPhases = (
				801BED0C22177F7600E3F610 /* Sources */,
				801BED0D22177F7600E3F610 /* Frameworks */,
				801BED0E22177F7600E3F610 /* Resources */,
			);
			buildRules = (
			);
			dependencies = (
			);
			name = Darkscreen;
			productName = Darkscreen;
			productReference = 801BED1022177F7600E3F610 /* Darkscreen.app */;
			productType = "com.apple.product-type.application";
		};
/* End PBXNativeTarget section */

/* Begin PBXProject section */
		801BED0822177F7600E3F610 /* Project object */ = {
			isa = PBXProject;
			attributes = {
				LastSwiftUpdateCheck = 1010;
				LastUpgradeCheck = 1010;
				ORGANIZATIONNAME = "Nicky Marino";
				TargetAttributes = {
					801BED0F22177F7600E3F610 = {
						CreatedOnToolsVersion = 10.1;
					};
				};
			};
			buildConfigurationList = 801BED0B22177F7600E3F610 /* Build configuration list for PBXProject "Darkscreen" */;
			compatibilityVersion = "Xcode 9.3";
			developmentRegion = en;
			hasScannedForEncodings = 0;
			knownRegions = (
				en,
				Base,
			);
			mainGroup = 801BED0722177F7600E3F610;
			productRefGroup = 801BED1122177F7600E3F610 /* Products */;
			projectDirPath = "";
			projectRoot = "";
			targets = (
				801BED0F22177F7600E3F610 /* Darkscreen */,
			);
		};
/* End PBXProject section */

/* Begin PBXResourcesBuildPhase section */
		801BED0E22177F7600E3F610 /* Resources */ = {
			isa = PBXResourcesBuildPhase;
			buildActionMask = 2147483647;
			files = (
				80632AB4222612D5002BC39A /* Settings.bundle in Resources */,
				801BED1E22177F7700E3F610 /* LaunchScreen.storyboard in Resources */,
				801BED1B22177F7700E3F610 /* Assets.xcassets in Resources */,
				801BED1922177F7600E3F610 /* Main.storyboard in Resources */,
			);
			runOnlyForDeploymentPostprocessing = 0;
		};
/* End PBXResourcesBuildPhase section */

/* Begin PBXSourcesBuildPhase section */
		801BED0C22177F7600E3F610 /* Sources */ = {
			isa = PBXSourcesBuildPhase;
			buildActionMask = 2147483647;
			files = (
				80632AB8222618F7002BC39A /* Settings.swift in Sources */,
				801BED1622177F7600E3F610 /* ViewController.swift in Sources */,
				80632ABA22262658002BC39A /* SettingsViewController.swift in Sources */,
				80632ABE2226324F002BC39A /* Theme.swift in Sources */,
				801BED1422177F7600E3F610 /* AppDelegate.swift in Sources */,
				80632ABC222629CC002BC39A /* BaseViewController.swift in Sources */,
			);
			runOnlyForDeploymentPostprocessing = 0;
		};
/* End PBXSourcesBuildPhase section */

/* Begin PBXVariantGroup section */
		801BED1722177F7600E3F610 /* Main.storyboard */ = {
			isa = PBXVariantGroup;
			children = (
				801BED1822177F7600E3F610 /* Base */,
			);
			name = Main.storyboard;
			sourceTree = "<group>";
		};
		801BED1C22177F7700E3F610 /* LaunchScreen.storyboard */ = {
			isa = PBXVariantGroup;
			children = (
				801BED1D22177F7700E3F610 /* Base */,
			);
			name = LaunchScreen.storyboard;
			sourceTree = "<group>";
		};
/* End PBXVariantGroup section */

/* Begin XCBuildConfiguration section */
		801BED2022177F7700E3F610 /* Debug */ = {
			isa = XCBuildConfiguration;
			buildSettings = {
				ALWAYS_SEARCH_USER_PATHS = NO;
				CLANG_ANALYZER_NONNULL = YES;
				CLANG_ANALYZER_NUMBER_OBJECT_CONVERSION = YES_AGGRESSIVE;
				CLANG_CXX_LANGUAGE_STANDARD = "gnu++14";
				CLANG_CXX_LIBRARY = "libc++";
				CLANG_ENABLE_MODULES = YES;
				CLANG_ENABLE_OBJC_ARC = YES;
				CLANG_ENABLE_OBJC_WEAK = YES;
				CLANG_WARN_BLOCK_CAPTURE_AUTORELEASING = YES;
				CLANG_WARN_BOOL_CONVERSION = YES;
				CLANG_WARN_COMMA = YES;
				CLANG_WARN_CONSTANT_CONVERSION = YES;
				CLANG_WARN_DEPRECATED_OBJC_IMPLEMENTATIONS = YES;
				CLANG_WARN_DIRECT_OBJC_ISA_USAGE = YES_ERROR;
				CLANG_WARN_DOCUMENTATION_COMMENTS = YES;
				CLANG_WARN_EMPTY_BODY = YES;
				CLANG_WARN_ENUM_CONVERSION = YES;
				CLANG_WARN_INFINITE_RECURSION = YES;
				CLANG_WARN_INT_CONVERSION = YES;
				CLANG_WARN_NON_LITERAL_NULL_CONVERSION = YES;
				CLANG_WARN_OBJC_IMPLICIT_RETAIN_SELF = YES;
				CLANG_WARN_OBJC_LITERAL_CONVERSION = YES;
				CLANG_WARN_OBJC_ROOT_CLASS = YES_ERROR;
				CLANG_WARN_RANGE_LOOP_ANALYSIS = YES;
				CLANG_WARN_STRICT_PROTOTYPES = YES;
				CLANG_WARN_SUSPICIOUS_MOVE = YES;
				CLANG_WARN_UNGUARDED_AVAILABILITY = YES_AGGRESSIVE;
				CLANG_WARN_UNREACHABLE_CODE = YES;
				CLANG_WARN__DUPLICATE_METHOD_MATCH = YES;
				CODE_SIGN_IDENTITY = "iPhone Developer";
				COPY_PHASE_STRIP = NO;
				DEBUG_INFORMATION_FORMAT = dwarf;
				ENABLE_STRICT_OBJC_MSGSEND = YES;
				ENABLE_TESTABILITY = YES;
				GCC_C_LANGUAGE_STANDARD = gnu11;
				GCC_DYNAMIC_NO_PIC = NO;
				GCC_NO_COMMON_BLOCKS = YES;
				GCC_OPTIMIZATION_LEVEL = 0;
				GCC_PREPROCESSOR_DEFINITIONS = (
					"DEBUG=1",
					"$(inherited)",
				);
				GCC_WARN_64_TO_32_BIT_CONVERSION = YES;
				GCC_WARN_ABOUT_RETURN_TYPE = YES_ERROR;
				GCC_WARN_UNDECLARED_SELECTOR = YES;
				GCC_WARN_UNINITIALIZED_AUTOS = YES_AGGRESSIVE;
				GCC_WARN_UNUSED_FUNCTION = YES;
				GCC_WARN_UNUSED_VARIABLE = YES;
				IPHONEOS_DEPLOYMENT_TARGET = 12.1;
				MTL_ENABLE_DEBUG_INFO = INCLUDE_SOURCE;
				MTL_FAST_MATH = YES;
				ONLY_ACTIVE_ARCH = YES;
				SDKROOT = iphoneos;
				SWIFT_ACTIVE_COMPILATION_CONDITIONS = DEBUG;
				SWIFT_OPTIMIZATION_LEVEL = "-Onone";
			};
			name = Debug;
		};
		801BED2122177F7700E3F610 /* Release */ = {
			isa = XCBuildConfiguration;
			buildSettings = {
				ALWAYS_SEARCH_USER_PATHS = NO;
				CLANG_ANALYZER_NONNULL = YES;
				CLANG_ANALYZER_NUMBER_OBJECT_CONVERSION = YES_AGGRESSIVE;
				CLANG_CXX_LANGUAGE_STANDARD = "gnu++14";
				CLANG_CXX_LIBRARY = "libc++";
				CLANG_ENABLE_MODULES = YES;
				CLANG_ENABLE_OBJC_ARC = YES;
				CLANG_ENABLE_OBJC_WEAK = YES;
				CLANG_WARN_BLOCK_CAPTURE_AUTORELEASING = YES;
				CLANG_WARN_BOOL_CONVERSION = YES;
				CLANG_WARN_COMMA = YES;
				CLANG_WARN_CONSTANT_CONVERSION = YES;
				CLANG_WARN_DEPRECATED_OBJC_IMPLEMENTATIONS = YES;
				CLANG_WARN_DIRECT_OBJC_ISA_USAGE = YES_ERROR;
				CLANG_WARN_DOCUMENTATION_COMMENTS = YES;
				CLANG_WARN_EMPTY_BODY = YES;
				CLANG_WARN_ENUM_CONVERSION = YES;
				CLANG_WARN_INFINITE_RECURSION = YES;
				CLANG_WARN_INT_CONVERSION = YES;
				CLANG_WARN_NON_LITERAL_NULL_CONVERSION = YES;
				CLANG_WARN_OBJC_IMPLICIT_RETAIN_SELF = YES;
				CLANG_WARN_OBJC_LITERAL_CONVERSION = YES;
				CLANG_WARN_OBJC_ROOT_CLASS = YES_ERROR;
				CLANG_WARN_RANGE_LOOP_ANALYSIS = YES;
				CLANG_WARN_STRICT_PROTOTYPES = YES;
				CLANG_WARN_SUSPICIOUS_MOVE = YES;
				CLANG_WARN_UNGUARDED_AVAILABILITY = YES_AGGRESSIVE;
				CLANG_WARN_UNREACHABLE_CODE = YES;
				CLANG_WARN__DUPLICATE_METHOD_MATCH = YES;
				CODE_SIGN_IDENTITY = "iPhone Developer";
				COPY_PHASE_STRIP = NO;
				DEBUG_INFORMATION_FORMAT = "dwarf-with-dsym";
				ENABLE_NS_ASSERTIONS = NO;
				ENABLE_STRICT_OBJC_MSGSEND = YES;
				GCC_C_LANGUAGE_STANDARD = gnu11;
				GCC_NO_COMMON_BLOCKS = YES;
				GCC_WARN_64_TO_32_BIT_CONVERSION = YES;
				GCC_WARN_ABOUT_RETURN_TYPE = YES_ERROR;
				GCC_WARN_UNDECLARED_SELECTOR = YES;
				GCC_WARN_UNINITIALIZED_AUTOS = YES_AGGRESSIVE;
				GCC_WARN_UNUSED_FUNCTION = YES;
				GCC_WARN_UNUSED_VARIABLE = YES;
				IPHONEOS_DEPLOYMENT_TARGET = 12.1;
				MTL_ENABLE_DEBUG_INFO = NO;
				MTL_FAST_MATH = YES;
				SDKROOT = iphoneos;
				SWIFT_COMPILATION_MODE = wholemodule;
				SWIFT_OPTIMIZATION_LEVEL = "-O";
				VALIDATE_PRODUCT = YES;
			};
			name = Release;
		};
		801BED2322177F7700E3F610 /* Debug */ = {
			isa = XCBuildConfiguration;
			buildSettings = {
				ASSETCATALOG_COMPILER_APPICON_NAME = AppIcon;
				CODE_SIGN_STYLE = Automatic;
				DEVELOPMENT_TEAM = 8K67C8P8NU;
				INFOPLIST_FILE = Darkscreen/Info.plist;
				LD_RUNPATH_SEARCH_PATHS = (
					"$(inherited)",
					"@executable_path/Frameworks",
				);
				PRODUCT_BUNDLE_IDENTIFIER = com.nickymarino.Darkscreen;
				PRODUCT_NAME = "$(TARGET_NAME)";
				SWIFT_VERSION = 4.2;
				TARGETED_DEVICE_FAMILY = "1,2";
			};
			name = Debug;
		};
		801BED2422177F7700E3F610 /* Release */ = {
			isa = XCBuildConfiguration;
			buildSettings = {
				ASSETCATALOG_COMPILER_APPICON_NAME = AppIcon;
				CODE_SIGN_STYLE = Automatic;
				DEVELOPMENT_TEAM = 8K67C8P8NU;
				INFOPLIST_FILE = Darkscreen/Info.plist;
				LD_RUNPATH_SEARCH_PATHS = (
					"$(inherited)",
					"@executable_path/Frameworks",
				);
				PRODUCT_BUNDLE_IDENTIFIER = com.nickymarino.Darkscreen;
				PRODUCT_NAME = "$(TARGET_NAME)";
				SWIFT_VERSION = 4.2;
				TARGETED_DEVICE_FAMILY = "1,2";
			};
			name = Release;
		};
/* End XCBuildConfiguration section */

/* Begin XCConfigurationList section */
		801BED0B22177F7600E3F610 /* Build configuration list for PBXProject "Darkscreen" */ = {
			isa = XCConfigurationList;
			buildConfigurations = (
				801BED2022177F7700E3F610 /* Debug */,
				801BED2122177F7700E3F610 /* Release */,
			);
			defaultConfigurationIsVisible = 0;
			defaultConfigurationName = Release;
		};
		801BED2222177F7700E3F610 /* Build configuration list for PBXNativeTarget "Darkscreen" */ = {
			isa = XCConfigurationList;
			buildConfigurations = (
				801BED2322177F7700E3F610 /* Debug */,
				801BED2422177F7700E3F610 /* Release */,
			);
			defaultConfigurationIsVisible = 0;
			defaultConfigurationName = Release;
		};
/* End XCConfigurationList section */
	};
	rootObject = 801BED0822177F7600E3F610 /* Project object */;
}
